Microsoft Visual Studio Solution File, Format Version 12.00
# Visual Studio 2012
Project("{FAE04EC0-301F-11D3-BF4B-00C04F79EFBC}") = "Nautical Mile", "Nautical Mile.csproj", "{751D9E8F-8D9A-48A7-AA75-82443712051C}"
EndProject
Global
	GlobalSection(SolutionConfigurationPlatforms) = preSolution
	Debug|Any CPU = Debug|Any CPU
	ExportDebug|Any CPU = ExportDebug|Any CPU
	ExportRelease|Any CPU = ExportRelease|Any CPU
	EndGlobalSection
	GlobalSection(ProjectConfigurationPlatforms) = postSolution
		{751D9E8F-8D9A-48A7-AA75-82443712051C}.Debug|Any CPU.ActiveCfg = Debug|Any CPU
		{751D9E8F-8D9A-48A7-AA75-82443712051C}.Debug|Any CPU.Build.0 = Debug|Any CPU
		{751D9E8F-8D9A-48A7-AA75-82443712051C}.ExportDebug|Any CPU.ActiveCfg = ExportDebug|Any CPU
		{751D9E8F-8D9A-48A7-AA75-82443712051C}.ExportDebug|Any CPU.Build.0 = ExportDebug|Any CPU
		{751D9E8F-8D9A-48A7-AA75-82443712051C}.ExportRelease|Any CPU.ActiveCfg = ExportRelease|Any CPU
		{751D9E8F-8D9A-48A7-AA75-82443712051C}.ExportRelease|Any CPU.Build.0 = ExportRelease|Any CPU
	EndGlobalSection
EndGlobal
